
Microsoft Visual Studio Solution File, Format Version 12.00
# Visual Studio Version 16
VisualStudioVersion = 16.0.33328.57
MinimumVisualStudioVersion = 10.0.40219.1
Project("{FAE04EC0-301F-11D3-BF4B-00C04F79EFBC}") = "myConsoleProject.cs", "myConsoleProject.cs\myConsoleProject.cs.csproj", "{F6925787-491B-47A1-8CFD-FDEF31FCEBFE}"
EndProject
Global
	GlobalSection(SolutionConfigurationPlatforms) = preSolution
		Debug|Any CPU = Debug|Any CPU
		Release|Any CPU = Release|Any CPU
	EndGlobalSection
	GlobalSection(ProjectConfigurationPlatforms) = postSolution
		{F6925787-491B-47A1-8CFD-FDEF31FCEBFE}.Debug|Any CPU.ActiveCfg = Debug|Any CPU
		{F6925787-491B-47A1-8CFD-FDEF31FCEBFE}.Debug|Any CPU.Build.0 = Debug|Any CPU
		{F6925787-491B-47A1-8CFD-FDEF31FCEBFE}.Release|Any CPU.ActiveCfg = Release|Any CPU
		{F6925787-491B-47A1-8CFD-FDEF31FCEBFE}.Release|Any CPU.Build.0 = Release|Any CPU
	EndGlobalSection
	GlobalSection(SolutionProperties) = preSolution
		HideSolutionNode = FALSE
	EndGlobalSection
	GlobalSection(ExtensibilityGlobals) = postSolution
		SolutionGuid = {F77C2353-AD1F-497D-881E-C62DD5740565}
	EndGlobalSection
EndGlobal
