
Microsoft Visual Studio Solution File, Format Version 12.00
# Visual Studio Version 16
VisualStudioVersion = 16.0.33328.57
MinimumVisualStudioVersion = 10.0.40219.1
Project("{FAE04EC0-301F-11D3-BF4B-00C04F79EFBC}") = "Scores", "Scores.csproj", "{02BB96B9-14DE-4684-9945-46B49D433A94}"
EndProject
Global
	GlobalSection(SolutionConfigurationPlatforms) = preSolution
		Debug|Any CPU = Debug|Any CPU
		Release|Any CPU = Release|Any CPU
	EndGlobalSection
	GlobalSection(ProjectConfigurationPlatforms) = postSolution
		{02BB96B9-14DE-4684-9945-46B49D433A94}.Debug|Any CPU.ActiveCfg = Debug|Any CPU
		{02BB96B9-14DE-4684-9945-46B49D433A94}.Debug|Any CPU.Build.0 = Debug|Any CPU
		{02BB96B9-14DE-4684-9945-46B49D433A94}.Release|Any CPU.ActiveCfg = Release|Any CPU
		{02BB96B9-14DE-4684-9945-46B49D433A94}.Release|Any CPU.Build.0 = Release|Any CPU
	EndGlobalSection
	GlobalSection(SolutionProperties) = preSolution
		HideSolutionNode = FALSE
	EndGlobalSection
	GlobalSection(ExtensibilityGlobals) = postSolution
		SolutionGuid = {13249FED-749F-47E7-B768-54B116A7B6A8}
	EndGlobalSection
EndGlobal
