
Microsoft Visual Studio Solution File, Format Version 12.00
# Visual Studio Version 16
VisualStudioVersion = 16.0.33328.57
MinimumVisualStudioVersion = 10.0.40219.1
Project("{FAE04EC0-301F-11D3-BF4B-00C04F79EFBC}") = "ConsoleAppArrayAssignment", "ConsoleAppArrayAssignment\ConsoleAppArrayAssignment.csproj", "{9BA60336-46A6-4BF2-9C95-EC169A3D916B}"
EndProject
Global
	GlobalSection(SolutionConfigurationPlatforms) = preSolution
		Debug|Any CPU = Debug|Any CPU
		Release|Any CPU = Release|Any CPU
	EndGlobalSection
	GlobalSection(ProjectConfigurationPlatforms) = postSolution
		{9BA60336-46A6-4BF2-9C95-EC169A3D916B}.Debug|Any CPU.ActiveCfg = Debug|Any CPU
		{9BA60336-46A6-4BF2-9C95-EC169A3D916B}.Debug|Any CPU.Build.0 = Debug|Any CPU
		{9BA60336-46A6-4BF2-9C95-EC169A3D916B}.Release|Any CPU.ActiveCfg = Release|Any CPU
		{9BA60336-46A6-4BF2-9C95-EC169A3D916B}.Release|Any CPU.Build.0 = Release|Any CPU
	EndGlobalSection
	GlobalSection(SolutionProperties) = preSolution
		HideSolutionNode = FALSE
	EndGlobalSection
	GlobalSection(ExtensibilityGlobals) = postSolution
		SolutionGuid = {1A5A17EC-5903-4E73-B6E0-D70738A1850C}
	EndGlobalSection
EndGlobal
