
Microsoft Visual Studio Solution File, Format Version 12.00
# Visual Studio Version 16
VisualStudioVersion = 16.0.33328.57
MinimumVisualStudioVersion = 10.0.40219.1
Project("{FAE04EC0-301F-11D3-BF4B-00C04F79EFBC}") = "Branching", "Branching\Branching.csproj", "{1394D247-D7A8-4B15-9248-D67AF7E3768B}"
EndProject
Global
	GlobalSection(SolutionConfigurationPlatforms) = preSolution
		Debug|Any CPU = Debug|Any CPU
		Release|Any CPU = Release|Any CPU
	EndGlobalSection
	GlobalSection(ProjectConfigurationPlatforms) = postSolution
		{1394D247-D7A8-4B15-9248-D67AF7E3768B}.Debug|Any CPU.ActiveCfg = Debug|Any CPU
		{1394D247-D7A8-4B15-9248-D67AF7E3768B}.Debug|Any CPU.Build.0 = Debug|Any CPU
		{1394D247-D7A8-4B15-9248-D67AF7E3768B}.Release|Any CPU.ActiveCfg = Release|Any CPU
		{1394D247-D7A8-4B15-9248-D67AF7E3768B}.Release|Any CPU.Build.0 = Release|Any CPU
	EndGlobalSection
	GlobalSection(SolutionProperties) = preSolution
		HideSolutionNode = FALSE
	EndGlobalSection
	GlobalSection(ExtensibilityGlobals) = postSolution
		SolutionGuid = {0EEFB2E0-CE20-4747-926E-688AA60F2993}
	EndGlobalSection
EndGlobal
