
Microsoft Visual Studio Solution File, Format Version 12.00
# Visual Studio Version 16
VisualStudioVersion = 16.0.33328.57
MinimumVisualStudioVersion = 10.0.40219.1
Project("{FAE04EC0-301F-11D3-BF4B-00C04F79EFBC}") = "StringsIntegersAssignment", "StringsIntegersAssignment\StringsIntegersAssignment.csproj", "{08EC3CB1-7D35-4F4A-9250-48231C0FFEEA}"
EndProject
Global
	GlobalSection(SolutionConfigurationPlatforms) = preSolution
		Debug|Any CPU = Debug|Any CPU
		Release|Any CPU = Release|Any CPU
	EndGlobalSection
	GlobalSection(ProjectConfigurationPlatforms) = postSolution
		{08EC3CB1-7D35-4F4A-9250-48231C0FFEEA}.Debug|Any CPU.ActiveCfg = Debug|Any CPU
		{08EC3CB1-7D35-4F4A-9250-48231C0FFEEA}.Debug|Any CPU.Build.0 = Debug|Any CPU
		{08EC3CB1-7D35-4F4A-9250-48231C0FFEEA}.Release|Any CPU.ActiveCfg = Release|Any CPU
		{08EC3CB1-7D35-4F4A-9250-48231C0FFEEA}.Release|Any CPU.Build.0 = Release|Any CPU
	EndGlobalSection
	GlobalSection(SolutionProperties) = preSolution
		HideSolutionNode = FALSE
	EndGlobalSection
	GlobalSection(ExtensibilityGlobals) = postSolution
		SolutionGuid = {CBB645FA-234E-4AC2-858D-BF68ADE0BCC1}
	EndGlobalSection
EndGlobal
