
Microsoft Visual Studio Solution File, Format Version 12.00
# Visual Studio Version 16
VisualStudioVersion = 16.0.33328.57
MinimumVisualStudioVersion = 10.0.40219.1
Project("{FAE04EC0-301F-11D3-BF4B-00C04F79EFBC}") = "ArraysAndLists", "ArraysAndLists\ArraysAndLists.csproj", "{66D35D93-8173-4CCD-956E-B47369422D37}"
EndProject
Global
	GlobalSection(SolutionConfigurationPlatforms) = preSolution
		Debug|Any CPU = Debug|Any CPU
		Release|Any CPU = Release|Any CPU
	EndGlobalSection
	GlobalSection(ProjectConfigurationPlatforms) = postSolution
		{66D35D93-8173-4CCD-956E-B47369422D37}.Debug|Any CPU.ActiveCfg = Debug|Any CPU
		{66D35D93-8173-4CCD-956E-B47369422D37}.Debug|Any CPU.Build.0 = Debug|Any CPU
		{66D35D93-8173-4CCD-956E-B47369422D37}.Release|Any CPU.ActiveCfg = Release|Any CPU
		{66D35D93-8173-4CCD-956E-B47369422D37}.Release|Any CPU.Build.0 = Release|Any CPU
	EndGlobalSection
	GlobalSection(SolutionProperties) = preSolution
		HideSolutionNode = FALSE
	EndGlobalSection
	GlobalSection(ExtensibilityGlobals) = postSolution
		SolutionGuid = {EA652979-4A36-495F-A915-859DF0A938C1}
	EndGlobalSection
EndGlobal
