
Microsoft Visual Studio Solution File, Format Version 12.00
# Visual Studio Version 16
VisualStudioVersion = 16.0.33328.57
MinimumVisualStudioVersion = 10.0.40219.1
Project("{FAE04EC0-301F-11D3-BF4B-00C04F79EFBC}") = "LambdaExpressionAssignment", "LambdaExpressionAssignment\LambdaExpressionAssignment.csproj", "{10AC81F7-2BAE-47D7-BF91-86A8C767EE73}"
EndProject
Global
	GlobalSection(SolutionConfigurationPlatforms) = preSolution
		Debug|Any CPU = Debug|Any CPU
		Release|Any CPU = Release|Any CPU
	EndGlobalSection
	GlobalSection(ProjectConfigurationPlatforms) = postSolution
		{10AC81F7-2BAE-47D7-BF91-86A8C767EE73}.Debug|Any CPU.ActiveCfg = Debug|Any CPU
		{10AC81F7-2BAE-47D7-BF91-86A8C767EE73}.Debug|Any CPU.Build.0 = Debug|Any CPU
		{10AC81F7-2BAE-47D7-BF91-86A8C767EE73}.Release|Any CPU.ActiveCfg = Release|Any CPU
		{10AC81F7-2BAE-47D7-BF91-86A8C767EE73}.Release|Any CPU.Build.0 = Release|Any CPU
	EndGlobalSection
	GlobalSection(SolutionProperties) = preSolution
		HideSolutionNode = FALSE
	EndGlobalSection
	GlobalSection(ExtensibilityGlobals) = postSolution
		SolutionGuid = {0D11A01D-5AF5-4C4F-969D-E09A1F973B77}
	EndGlobalSection
EndGlobal
