
Microsoft Visual Studio Solution File, Format Version 12.00
# Visual Studio Version 16
VisualStudioVersion = 16.0.33328.57
MinimumVisualStudioVersion = 10.0.40219.1
Project("{FAE04EC0-301F-11D3-BF4B-00C04F79EFBC}") = "Loops", "Loops\Loops.csproj", "{FA48F977-4830-4EA8-AA16-503D15AFD07C}"
EndProject
Global
	GlobalSection(SolutionConfigurationPlatforms) = preSolution
		Debug|Any CPU = Debug|Any CPU
		Release|Any CPU = Release|Any CPU
	EndGlobalSection
	GlobalSection(ProjectConfigurationPlatforms) = postSolution
		{FA48F977-4830-4EA8-AA16-503D15AFD07C}.Debug|Any CPU.ActiveCfg = Debug|Any CPU
		{FA48F977-4830-4EA8-AA16-503D15AFD07C}.Debug|Any CPU.Build.0 = Debug|Any CPU
		{FA48F977-4830-4EA8-AA16-503D15AFD07C}.Release|Any CPU.ActiveCfg = Release|Any CPU
		{FA48F977-4830-4EA8-AA16-503D15AFD07C}.Release|Any CPU.Build.0 = Release|Any CPU
	EndGlobalSection
	GlobalSection(SolutionProperties) = preSolution
		HideSolutionNode = FALSE
	EndGlobalSection
	GlobalSection(ExtensibilityGlobals) = postSolution
		SolutionGuid = {56277646-B9EC-4ECD-9E6D-E64B142BE509}
	EndGlobalSection
EndGlobal
